// !$*UTF8*$!
{
	archiveVersion = 1;
	classes = {
	};
	objectVersion = 77;
	objects = {

/* Begin PBXBuildFile section */
		304201C72DA3A07A00B7C398 /* StorageMode.swift in Sources */ = {isa = PBXBuildFile; fileRef = 304201C62DA3A07A00B7C398 /* StorageMode.swift */; };
		304201C92DA3ACF000B7C398 /* NetworkMonitor.swift in Sources */ = {isa = PBXBuildFile; fileRef = 304201C82DA3ACF000B7C398 /* NetworkMonitor.swift */; };
		30D6862C2D9D283200901425 /* FlashCardsApp.swift in Sources */ = {isa = PBXBuildFile; fileRef = 30D6862A2D9D283200901425 /* FlashCardsApp.swift */; };
		30D6862D2D9D283200901425 /* Assets.xcassets in Resources */ = {isa = PBXBuildFile; fileRef = 30D686292D9D283200901425 /* Assets.xcassets */; };
		30D686372D9D33E600901425 /* FirebaseAuth in Frameworks */ = {isa = PBXBuildFile; productRef = 30D686362D9D33E600901425 /* FirebaseAuth */; };
		30D686392D9D33E600901425 /* FirebaseFirestore in Frameworks */ = {isa = PBXBuildFile; productRef = 30D686382D9D33E600901425 /* FirebaseFirestore */; };
		30D6863B2D9D33E600901425 /* FirebaseStorage in Frameworks */ = {isa = PBXBuildFile; productRef = 30D6863A2D9D33E600901425 /* FirebaseStorage */; };
		30D6863E2D9D3AE400901425 /* ViewRouter.swift in Sources */ = {isa = PBXBuildFile; fileRef = 30D6863D2D9D3AE400901425 /* ViewRouter.swift */; };
		30D686402D9D3B1E00901425 /* PageModel.swift in Sources */ = {isa = PBXBuildFile; fileRef = 30D6863F2D9D3B1500901425 /* PageModel.swift */; };
		30D686492D9D63F000901425 /* GoogleSignIn in Frameworks */ = {isa = PBXBuildFile; productRef = 30D686482D9D63F000901425 /* GoogleSignIn */; };
		30D6864B2D9D63F000901425 /* GoogleSignInSwift in Frameworks */ = {isa = PBXBuildFile; productRef = 30D6864A2D9D63F000901425 /* GoogleSignInSwift */; };
		30D6864F2D9D715100901425 /* GoogleService-Info.plist in Resources */ = {isa = PBXBuildFile; fileRef = 30D6864E2D9D715100901425 /* GoogleService-Info.plist */; };
		30D686552D9DC24900901425 /* CardModel.swift in Sources */ = {isa = PBXBuildFile; fileRef = 30D686542D9DC24900901425 /* CardModel.swift */; };
		30D686572D9DCF3A00901425 /* LocalDataService.swift in Sources */ = {isa = PBXBuildFile; fileRef = 30D686562D9DCF3A00901425 /* LocalDataService.swift */; };
		30D686592D9DD7C800901425 /* CardsViewModel.swift in Sources */ = {isa = PBXBuildFile; fileRef = 30D686582D9DD7C800901425 /* CardsViewModel.swift */; };
		30D6865B2D9DE03200901425 /* CardsView.swift in Sources */ = {isa = PBXBuildFile; fileRef = 30D6865A2D9DE03200901425 /* CardsView.swift */; };
		30D6865E2D9DE45000901425 /* CardView.swift in Sources */ = {isa = PBXBuildFile; fileRef = 30D6865D2D9DE45000901425 /* CardView.swift */; };
		30D686612D9E9E0100901425 /* AddCardViewModel.swift in Sources */ = {isa = PBXBuildFile; fileRef = 30D686602D9E9E0100901425 /* AddCardViewModel.swift */; };
		30D686632D9EAC4000901425 /* AddCardView.swift in Sources */ = {isa = PBXBuildFile; fileRef = 30D686622D9EAC4000901425 /* AddCardView.swift */; };
		30D686652D9EEE7F00901425 /* ContentView.swift in Sources */ = {isa = PBXBuildFile; fileRef = 30D686642D9EEE7F00901425 /* ContentView.swift */; };
		30D686672D9F08C500901425 /* FirebaseAuthService.swift in Sources */ = {isa = PBXBuildFile; fileRef = 30D686662D9F08C500901425 /* FirebaseAuthService.swift */; };
		30D6866E2D9F301700901425 /* AuthViewModel.swift in Sources */ = {isa = PBXBuildFile; fileRef = 30D6866D2D9F301700901425 /* AuthViewModel.swift */; };
		30D686712D9F36A300901425 /* AuthView.swift in Sources */ = {isa = PBXBuildFile; fileRef = 30D686702D9F36A300901425 /* AuthView.swift */; };
		30D686732D9F36AE00901425 /* UserProfileView.swift in Sources */ = {isa = PBXBuildFile; fileRef = 30D686722D9F36AE00901425 /* UserProfileView.swift */; };
		30D686752D9FBE2500901425 /* FirebaseSyncService.swift in Sources */ = {isa = PBXBuildFile; fileRef = 30D686742D9FBE2500901425 /* FirebaseSyncService.swift */; };
		30D6867B2DA03F8200901425 /* CardEventPublisher.swift in Sources */ = {isa = PBXBuildFile; fileRef = 30D6867A2DA03F8200901425 /* CardEventPublisher.swift */; };
/* End PBXBuildFile section */

/* Begin PBXFileReference section */
		304201C62DA3A07A00B7C398 /* StorageMode.swift */ = {isa = PBXFileReference; lastKnownFileType = sourcecode.swift; path = StorageMode.swift; sourceTree = "<group>"; };
		304201C82DA3ACF000B7C398 /* NetworkMonitor.swift */ = {isa = PBXFileReference; lastKnownFileType = sourcecode.swift; path = NetworkMonitor.swift; sourceTree = "<group>"; };
		30D685F32D9D21E100901425 /* FlashCards.app */ = {isa = PBXFileReference; explicitFileType = wrapper.application; includeInIndex = 0; path = FlashCards.app; sourceTree = BUILT_PRODUCTS_DIR; };
		30D686292D9D283200901425 /* Assets.xcassets */ = {isa = PBXFileReference; lastKnownFileType = folder.assetcatalog; path = Assets.xcassets; sourceTree = "<group>"; };
		30D6862A2D9D283200901425 /* FlashCardsApp.swift */ = {isa = PBXFileReference; lastKnownFileType = sourcecode.swift; path = FlashCardsApp.swift; sourceTree = "<group>"; };
		30D6863D2D9D3AE400901425 /* ViewRouter.swift */ = {isa = PBXFileReference; lastKnownFileType = sourcecode.swift; path = ViewRouter.swift; sourceTree = "<group>"; };
		30D6863F2D9D3B1500901425 /* PageModel.swift */ = {isa = PBXFileReference; lastKnownFileType = sourcecode.swift; path = PageModel.swift; sourceTree = "<group>"; };
		30D6864E2D9D715100901425 /* GoogleService-Info.plist */ = {isa = PBXFileReference; lastKnownFileType = text.plist.xml; path = "GoogleService-Info.plist"; sourceTree = "<group>"; };
		30D686502D9D726B00901425 /* Info.plist */ = {isa = PBXFileReference; lastKnownFileType = text.plist.xml; path = Info.plist; sourceTree = "<group>"; };
		30D686542D9DC24900901425 /* CardModel.swift */ = {isa = PBXFileReference; lastKnownFileType = sourcecode.swift; path = CardModel.swift; sourceTree = "<group>"; };
		30D686562D9DCF3A00901425 /* LocalDataService.swift */ = {isa = PBXFileReference; lastKnownFileType = sourcecode.swift; path = LocalDataService.swift; sourceTree = "<group>"; };
		30D686582D9DD7C800901425 /* CardsViewModel.swift */ = {isa = PBXFileReference; lastKnownFileType = sourcecode.swift; path = CardsViewModel.swift; sourceTree = "<group>"; };
		30D6865A2D9DE03200901425 /* CardsView.swift */ = {isa = PBXFileReference; lastKnownFileType = sourcecode.swift; path = CardsView.swift; sourceTree = "<group>"; };
		30D6865D2D9DE45000901425 /* CardView.swift */ = {isa = PBXFileReference; lastKnownFileType = sourcecode.swift; path = CardView.swift; sourceTree = "<group>"; };
		30D686602D9E9E0100901425 /* AddCardViewModel.swift */ = {isa = PBXFileReference; lastKnownFileType = sourcecode.swift; path = AddCardViewModel.swift; sourceTree = "<group>"; };
		30D686622D9EAC4000901425 /* AddCardView.swift */ = {isa = PBXFileReference; lastKnownFileType = sourcecode.swift; path = AddCardView.swift; sourceTree = "<group>"; };
		30D686642D9EEE7F00901425 /* ContentView.swift */ = {isa = PBXFileReference; lastKnownFileType = sourcecode.swift; path = ContentView.swift; sourceTree = "<group>"; };
		30D686662D9F08C500901425 /* FirebaseAuthService.swift */ = {isa = PBXFileReference; lastKnownFileType = sourcecode.swift; path = FirebaseAuthService.swift; sourceTree = "<group>"; };
		30D6866D2D9F301700901425 /* AuthViewModel.swift */ = {isa = PBXFileReference; lastKnownFileType = sourcecode.swift; path = AuthViewModel.swift; sourceTree = "<group>"; };
		30D686702D9F36A300901425 /* AuthView.swift */ = {isa = PBXFileReference; lastKnownFileType = sourcecode.swift; path = AuthView.swift; sourceTree = "<group>"; };
		30D686722D9F36AE00901425 /* UserProfileView.swift */ = {isa = PBXFileReference; lastKnownFileType = sourcecode.swift; path = UserProfileView.swift; sourceTree = "<group>"; };
		30D686742D9FBE2500901425 /* FirebaseSyncService.swift */ = {isa = PBXFileReference; lastKnownFileType = sourcecode.swift; path = FirebaseSyncService.swift; sourceTree = "<group>"; };
		30D6867A2DA03F8200901425 /* CardEventPublisher.swift */ = {isa = PBXFileReference; lastKnownFileType = sourcecode.swift; path = CardEventPublisher.swift; sourceTree = "<group>"; };
/* End PBXFileReference section */

/* Begin PBXFrameworksBuildPhase section */
		30D685F02D9D21E100901425 /* Frameworks */ = {
			isa = PBXFrameworksBuildPhase;
			buildActionMask = 2147483647;
			files = (
				30D6864B2D9D63F000901425 /* GoogleSignInSwift in Frameworks */,
				30D686372D9D33E600901425 /* FirebaseAuth in Frameworks */,
				30D686492D9D63F000901425 /* GoogleSignIn in Frameworks */,
				30D686392D9D33E600901425 /* FirebaseFirestore in Frameworks */,
				30D6863B2D9D33E600901425 /* FirebaseStorage in Frameworks */,
			);
			runOnlyForDeploymentPostprocessing = 0;
		};
/* End PBXFrameworksBuildPhase section */

/* Begin PBXGroup section */
		30D685EA2D9D21E100901425 = {
			isa = PBXGroup;
			children = (
				30D6862B2D9D283200901425 /* FlashCards */,
				30D685F42D9D21E100901425 /* Products */,
			);
			sourceTree = "<group>";
		};
		30D685F42D9D21E100901425 /* Products */ = {
			isa = PBXGroup;
			children = (
				30D685F32D9D21E100901425 /* FlashCards.app */,
			);
			name = Products;
			sourceTree = "<group>";
		};
		30D6862B2D9D283200901425 /* FlashCards */ = {
			isa = PBXGroup;
			children = (
				30D6862A2D9D283200901425 /* FlashCardsApp.swift */,
				30D686642D9EEE7F00901425 /* ContentView.swift */,
				30D6863C2D9D39B900901425 /* Navigation */,
				30D686312D9D288300901425 /* Screens */,
				30D6862E2D9D286100901425 /* Data */,
				30D686322D9D296F00901425 /* Helpers */,
				30D686292D9D283200901425 /* Assets.xcassets */,
				30D6864E2D9D715100901425 /* GoogleService-Info.plist */,
				30D686502D9D726B00901425 /* Info.plist */,
			);
			path = FlashCards;
			sourceTree = "<group>";
		};
		30D6862E2D9D286100901425 /* Data */ = {
			isa = PBXGroup;
			children = (
				30D686302D9D287500901425 /* Firebase */,
				30D6862F2D9D286F00901425 /* Local */,
			);
			path = Data;
			sourceTree = "<group>";
		};
		30D6862F2D9D286F00901425 /* Local */ = {
			isa = PBXGroup;
			children = (
				30D686562D9DCF3A00901425 /* LocalDataService.swift */,
			);
			path = Local;
			sourceTree = "<group>";
		};
		30D686302D9D287500901425 /* Firebase */ = {
			isa = PBXGroup;
			children = (
				30D686662D9F08C500901425 /* FirebaseAuthService.swift */,
				30D686742D9FBE2500901425 /* FirebaseSyncService.swift */,
			);
			path = Firebase;
			sourceTree = "<group>";
		};
		30D686312D9D288300901425 /* Screens */ = {
			isa = PBXGroup;
			children = (
				30D686512D9DC14700901425 /* Cards */,
				30D6865F2D9E9DA000901425 /* AddCard */,
				30D6866C2D9F2F5200901425 /* Auth+UserProfile */,
			);
			path = Screens;
			sourceTree = "<group>";
		};
		30D686322D9D296F00901425 /* Helpers */ = {
			isa = PBXGroup;
			children = (
				30D6867A2DA03F8200901425 /* CardEventPublisher.swift */,
				304201C62DA3A07A00B7C398 /* StorageMode.swift */,
				304201C82DA3ACF000B7C398 /* NetworkMonitor.swift */,
			);
			path = Helpers;
			sourceTree = "<group>";
		};
		30D6863C2D9D39B900901425 /* Navigation */ = {
			isa = PBXGroup;
			children = (
				30D6863F2D9D3B1500901425 /* PageModel.swift */,
				30D6863D2D9D3AE400901425 /* ViewRouter.swift */,
			);
			path = Navigation;
			sourceTree = "<group>";
		};
		30D686512D9DC14700901425 /* Cards */ = {
			isa = PBXGroup;
			children = (
				30D686542D9DC24900901425 /* CardModel.swift */,
				30D686582D9DD7C800901425 /* CardsViewModel.swift */,
				30D6865C2D9DE42F00901425 /* Views */,
			);
			path = Cards;
			sourceTree = "<group>";
		};
		30D6865C2D9DE42F00901425 /* Views */ = {
			isa = PBXGroup;
			children = (
				30D6865A2D9DE03200901425 /* CardsView.swift */,
				30D6865D2D9DE45000901425 /* CardView.swift */,
			);
			path = Views;
			sourceTree = "<group>";
		};
		30D6865F2D9E9DA000901425 /* AddCard */ = {
			isa = PBXGroup;
			children = (
				30D686602D9E9E0100901425 /* AddCardViewModel.swift */,
				30D686622D9EAC4000901425 /* AddCardView.swift */,
			);
			path = AddCard;
			sourceTree = "<group>";
		};
		30D6866C2D9F2F5200901425 /* Auth+UserProfile */ = {
			isa = PBXGroup;
			children = (
				30D6866D2D9F301700901425 /* AuthViewModel.swift */,
				30D6866F2D9F367400901425 /* Views */,
			);
			path = "Auth+UserProfile";
			sourceTree = "<group>";
		};
		30D6866F2D9F367400901425 /* Views */ = {
			isa = PBXGroup;
			children = (
				30D686702D9F36A300901425 /* AuthView.swift */,
				30D686722D9F36AE00901425 /* UserProfileView.swift */,
			);
			path = Views;
			sourceTree = "<group>";
		};
/* End PBXGroup section */

/* Begin PBXNativeTarget section */
		30D685F22D9D21E100901425 /* FlashCards */ = {
			isa = PBXNativeTarget;
			buildConfigurationList = 30D686002D9D21E400901425 /* Build configuration list for PBXNativeTarget "FlashCards" */;
			buildPhases = (
				30D685EF2D9D21E100901425 /* Sources */,
				30D685F02D9D21E100901425 /* Frameworks */,
				30D685F12D9D21E100901425 /* Resources */,
			);
			buildRules = (
			);
			dependencies = (
			);
			name = FlashCards;
			packageProductDependencies = (
				30D686362D9D33E600901425 /* FirebaseAuth */,
				30D686382D9D33E600901425 /* FirebaseFirestore */,
				30D6863A2D9D33E600901425 /* FirebaseStorage */,
				30D686482D9D63F000901425 /* GoogleSignIn */,
				30D6864A2D9D63F000901425 /* GoogleSignInSwift */,
			);
			productName = FlashCards;
			productReference = 30D685F32D9D21E100901425 /* FlashCards.app */;
			productType = "com.apple.product-type.application";
		};
/* End PBXNativeTarget section */

/* Begin PBXProject section */
		30D685EB2D9D21E100901425 /* Project object */ = {
			isa = PBXProject;
			attributes = {
				BuildIndependentTargetsInParallel = 1;
				LastSwiftUpdateCheck = 1630;
				LastUpgradeCheck = 1630;
				TargetAttributes = {
					30D685F22D9D21E100901425 = {
						CreatedOnToolsVersion = 16.3;
					};
				};
			};
			buildConfigurationList = 30D685EE2D9D21E100901425 /* Build configuration list for PBXProject "FlashCards" */;
			developmentRegion = ru;
			hasScannedForEncodings = 0;
			knownRegions = (
				Base,
				ru,
			);
			mainGroup = 30D685EA2D9D21E100901425;
			minimizedProjectReferenceProxies = 1;
			packageReferences = (
				30D686352D9D33E600901425 /* XCRemoteSwiftPackageReference "firebase-ios-sdk" */,
				30D686472D9D63F000901425 /* XCRemoteSwiftPackageReference "GoogleSignIn-iOS" */,
			);
			preferredProjectObjectVersion = 77;
			productRefGroup = 30D685F42D9D21E100901425 /* Products */;
			projectDirPath = "";
			projectRoot = "";
			targets = (
				30D685F22D9D21E100901425 /* FlashCards */,
			);
		};
/* End PBXProject section */

/* Begin PBXResourcesBuildPhase section */
		30D685F12D9D21E100901425 /* Resources */ = {
			isa = PBXResourcesBuildPhase;
			buildActionMask = 2147483647;
			files = (
				30D6862D2D9D283200901425 /* Assets.xcassets in Resources */,
				30D6864F2D9D715100901425 /* GoogleService-Info.plist in Resources */,
			);
			runOnlyForDeploymentPostprocessing = 0;
		};
/* End PBXResourcesBuildPhase section */

/* Begin PBXSourcesBuildPhase section */
		30D685EF2D9D21E100901425 /* Sources */ = {
			isa = PBXSourcesBuildPhase;
			buildActionMask = 2147483647;
			files = (
				30D686712D9F36A300901425 /* AuthView.swift in Sources */,
				30D6865B2D9DE03200901425 /* CardsView.swift in Sources */,
				30D6867B2DA03F8200901425 /* CardEventPublisher.swift in Sources */,
				30D686652D9EEE7F00901425 /* ContentView.swift in Sources */,
				30D686752D9FBE2500901425 /* FirebaseSyncService.swift in Sources */,
				30D686612D9E9E0100901425 /* AddCardViewModel.swift in Sources */,
				304201C72DA3A07A00B7C398 /* StorageMode.swift in Sources */,
				30D6862C2D9D283200901425 /* FlashCardsApp.swift in Sources */,
				30D686672D9F08C500901425 /* FirebaseAuthService.swift in Sources */,
				30D686402D9D3B1E00901425 /* PageModel.swift in Sources */,
				30D686632D9EAC4000901425 /* AddCardView.swift in Sources */,
				30D686592D9DD7C800901425 /* CardsViewModel.swift in Sources */,
				30D686572D9DCF3A00901425 /* LocalDataService.swift in Sources */,
				30D686732D9F36AE00901425 /* UserProfileView.swift in Sources */,
				30D6863E2D9D3AE400901425 /* ViewRouter.swift in Sources */,
				30D6865E2D9DE45000901425 /* CardView.swift in Sources */,
				304201C92DA3ACF000B7C398 /* NetworkMonitor.swift in Sources */,
				30D6866E2D9F301700901425 /* AuthViewModel.swift in Sources */,
				30D686552D9DC24900901425 /* CardModel.swift in Sources */,
			);
			runOnlyForDeploymentPostprocessing = 0;
		};
/* End PBXSourcesBuildPhase section */

/* Begin XCBuildConfiguration section */
		30D685FE2D9D21E400901425 /* Debug */ = {
			isa = XCBuildConfiguration;
			buildSettings = {
				ALWAYS_SEARCH_USER_PATHS = NO;
				ASSETCATALOG_COMPILER_GENERATE_SWIFT_ASSET_SYMBOL_EXTENSIONS = YES;
				CLANG_ANALYZER_NONNULL = YES;
				CLANG_ANALYZER_NUMBER_OBJECT_CONVERSION = YES_AGGRESSIVE;
				CLANG_CXX_LANGUAGE_STANDARD = "gnu++20";
				CLANG_ENABLE_MODULES = YES;
				CLANG_ENABLE_OBJC_ARC = YES;
				CLANG_ENABLE_OBJC_WEAK = YES;
				CLANG_WARN_BLOCK_CAPTURE_AUTORELEASING = YES;
				CLANG_WARN_BOOL_CONVERSION = YES;
				CLANG_WARN_COMMA = YES;
				CLANG_WARN_CONSTANT_CONVERSION = YES;
				CLANG_WARN_DEPRECATED_OBJC_IMPLEMENTATIONS = YES;
				CLANG_WARN_DIRECT_OBJC_ISA_USAGE = YES_ERROR;
				CLANG_WARN_DOCUMENTATION_COMMENTS = YES;
				CLANG_WARN_EMPTY_BODY = YES;
				CLANG_WARN_ENUM_CONVERSION = YES;
				CLANG_WARN_INFINITE_RECURSION = YES;
				CLANG_WARN_INT_CONVERSION = YES;
				CLANG_WARN_NON_LITERAL_NULL_CONVERSION = YES;
				CLANG_WARN_OBJC_IMPLICIT_RETAIN_SELF = YES;
				CLANG_WARN_OBJC_LITERAL_CONVERSION = YES;
				CLANG_WARN_OBJC_ROOT_CLASS = YES_ERROR;
				CLANG_WARN_QUOTED_INCLUDE_IN_FRAMEWORK_HEADER = YES;
				CLANG_WARN_RANGE_LOOP_ANALYSIS = YES;
				CLANG_WARN_STRICT_PROTOTYPES = YES;
				CLANG_WARN_SUSPICIOUS_MOVE = YES;
				CLANG_WARN_UNGUARDED_AVAILABILITY = YES_AGGRESSIVE;
				CLANG_WARN_UNREACHABLE_CODE = YES;
				CLANG_WARN__DUPLICATE_METHOD_MATCH = YES;
				COPY_PHASE_STRIP = NO;
				DEBUG_INFORMATION_FORMAT = dwarf;
				DEVELOPMENT_TEAM = 539T2YXRS6;
				ENABLE_STRICT_OBJC_MSGSEND = YES;
				ENABLE_TESTABILITY = YES;
				ENABLE_USER_SCRIPT_SANDBOXING = YES;
				GCC_C_LANGUAGE_STANDARD = gnu17;
				GCC_DYNAMIC_NO_PIC = NO;
				GCC_NO_COMMON_BLOCKS = YES;
				GCC_OPTIMIZATION_LEVEL = 0;
				GCC_PREPROCESSOR_DEFINITIONS = (
					"DEBUG=1",
					"$(inherited)",
				);
				GCC_WARN_64_TO_32_BIT_CONVERSION = YES;
				GCC_WARN_ABOUT_RETURN_TYPE = YES_ERROR;
				GCC_WARN_UNDECLARED_SELECTOR = YES;
				GCC_WARN_UNINITIALIZED_AUTOS = YES_AGGRESSIVE;
				GCC_WARN_UNUSED_FUNCTION = YES;
				GCC_WARN_UNUSED_VARIABLE = YES;
				IPHONEOS_DEPLOYMENT_TARGET = 18.4;
				LOCALIZATION_PREFERS_STRING_CATALOGS = YES;
				MTL_ENABLE_DEBUG_INFO = INCLUDE_SOURCE;
				MTL_FAST_MATH = YES;
				ONLY_ACTIVE_ARCH = YES;
				SDKROOT = iphoneos;
				SWIFT_ACTIVE_COMPILATION_CONDITIONS = "DEBUG $(inherited)";
				SWIFT_OPTIMIZATION_LEVEL = "-Onone";
			};
			name = Debug;
		};
		30D685FF2D9D21E400901425 /* Release */ = {
			isa = XCBuildConfiguration;
			buildSettings = {
				ALWAYS_SEARCH_USER_PATHS = NO;
				ASSETCATALOG_COMPILER_GENERATE_SWIFT_ASSET_SYMBOL_EXTENSIONS = YES;
				CLANG_ANALYZER_NONNULL = YES;
				CLANG_ANALYZER_NUMBER_OBJECT_CONVERSION = YES_AGGRESSIVE;
				CLANG_CXX_LANGUAGE_STANDARD = "gnu++20";
				CLANG_ENABLE_MODULES = YES;
				CLANG_ENABLE_OBJC_ARC = YES;
				CLANG_ENABLE_OBJC_WEAK = YES;
				CLANG_WARN_BLOCK_CAPTURE_AUTORELEASING = YES;
				CLANG_WARN_BOOL_CONVERSION = YES;
				CLANG_WARN_COMMA = YES;
				CLANG_WARN_CONSTANT_CONVERSION = YES;
				CLANG_WARN_DEPRECATED_OBJC_IMPLEMENTATIONS = YES;
				CLANG_WARN_DIRECT_OBJC_ISA_USAGE = YES_ERROR;
				CLANG_WARN_DOCUMENTATION_COMMENTS = YES;
				CLANG_WARN_EMPTY_BODY = YES;
				CLANG_WARN_ENUM_CONVERSION = YES;
				CLANG_WARN_INFINITE_RECURSION = YES;
				CLANG_WARN_INT_CONVERSION = YES;
				CLANG_WARN_NON_LITERAL_NULL_CONVERSION = YES;
				CLANG_WARN_OBJC_IMPLICIT_RETAIN_SELF = YES;
				CLANG_WARN_OBJC_LITERAL_CONVERSION = YES;
				CLANG_WARN_OBJC_ROOT_CLASS = YES_ERROR;
				CLANG_WARN_QUOTED_INCLUDE_IN_FRAMEWORK_HEADER = YES;
				CLANG_WARN_RANGE_LOOP_ANALYSIS = YES;
				CLANG_WARN_STRICT_PROTOTYPES = YES;
				CLANG_WARN_SUSPICIOUS_MOVE = YES;
				CLANG_WARN_UNGUARDED_AVAILABILITY = YES_AGGRESSIVE;
				CLANG_WARN_UNREACHABLE_CODE = YES;
				CLANG_WARN__DUPLICATE_METHOD_MATCH = YES;
				COPY_PHASE_STRIP = NO;
				DEBUG_INFORMATION_FORMAT = "dwarf-with-dsym";
				DEVELOPMENT_TEAM = 539T2YXRS6;
				ENABLE_NS_ASSERTIONS = NO;
				ENABLE_STRICT_OBJC_MSGSEND = YES;
				ENABLE_USER_SCRIPT_SANDBOXING = YES;
				GCC_C_LANGUAGE_STANDARD = gnu17;
				GCC_NO_COMMON_BLOCKS = YES;
				GCC_WARN_64_TO_32_BIT_CONVERSION = YES;
				GCC_WARN_ABOUT_RETURN_TYPE = YES_ERROR;
				GCC_WARN_UNDECLARED_SELECTOR = YES;
				GCC_WARN_UNINITIALIZED_AUTOS = YES_AGGRESSIVE;
				GCC_WARN_UNUSED_FUNCTION = YES;
				GCC_WARN_UNUSED_VARIABLE = YES;
				IPHONEOS_DEPLOYMENT_TARGET = 18.4;
				LOCALIZATION_PREFERS_STRING_CATALOGS = YES;
				MTL_ENABLE_DEBUG_INFO = NO;
				MTL_FAST_MATH = YES;
				SDKROOT = iphoneos;
				SWIFT_COMPILATION_MODE = wholemodule;
				VALIDATE_PRODUCT = YES;
			};
			name = Release;
		};
		30D686012D9D21E400901425 /* Debug */ = {
			isa = XCBuildConfiguration;
			buildSettings = {
				ASSETCATALOG_COMPILER_APPICON_NAME = AppIcon;
				ASSETCATALOG_COMPILER_GLOBAL_ACCENT_COLOR_NAME = AccentColor;
				CODE_SIGN_STYLE = Automatic;
				CURRENT_PROJECT_VERSION = 1;
				DEVELOPMENT_TEAM = 539T2YXRS6;
				ENABLE_PREVIEWS = YES;
				GENERATE_INFOPLIST_FILE = YES;
				INFOPLIST_FILE = FlashCards/Info.plist;
				INFOPLIST_KEY_CFBundleDisplayName = "Flash Cards";
				INFOPLIST_KEY_LSApplicationCategoryType = "public.app-category.education";
				INFOPLIST_KEY_UIApplicationSceneManifest_Generation = YES;
				INFOPLIST_KEY_UIApplicationSupportsIndirectInputEvents = YES;
				INFOPLIST_KEY_UILaunchScreen_Generation = YES;
				INFOPLIST_KEY_UISupportedInterfaceOrientations_iPad = "UIInterfaceOrientationPortrait UIInterfaceOrientationPortraitUpsideDown UIInterfaceOrientationLandscapeLeft UIInterfaceOrientationLandscapeRight";
				INFOPLIST_KEY_UISupportedInterfaceOrientations_iPhone = "UIInterfaceOrientationPortrait UIInterfaceOrientationLandscapeLeft UIInterfaceOrientationLandscapeRight";
				IPHONEOS_DEPLOYMENT_TARGET = 17.0;
				LD_RUNPATH_SEARCH_PATHS = (
					"$(inherited)",
					"@executable_path/Frameworks",
				);
				MARKETING_VERSION = 1.0;
				OTHER_LDFLAGS = "-ObjC";
				PRODUCT_BUNDLE_IDENTIFIER = com.mmf.bsu.FlashCards;
				PRODUCT_NAME = "$(TARGET_NAME)";
				SUPPORTED_PLATFORMS = "iphoneos iphonesimulator";
				SUPPORTS_MACCATALYST = NO;
				SUPPORTS_MAC_DESIGNED_FOR_IPHONE_IPAD = NO;
				SUPPORTS_XR_DESIGNED_FOR_IPHONE_IPAD = NO;
				SWIFT_EMIT_LOC_STRINGS = YES;
				SWIFT_VERSION = 5.0;
				TARGETED_DEVICE_FAMILY = 1;
			};
			name = Debug;
		};
		30D686022D9D21E400901425 /* Release */ = {
			isa = XCBuildConfiguration;
			buildSettings = {
				ASSETCATALOG_COMPILER_APPICON_NAME = AppIcon;
				ASSETCATALOG_COMPILER_GLOBAL_ACCENT_COLOR_NAME = AccentColor;
				CODE_SIGN_STYLE = Automatic;
				CURRENT_PROJECT_VERSION = 1;
				DEVELOPMENT_TEAM = 539T2YXRS6;
				ENABLE_PREVIEWS = YES;
				GENERATE_INFOPLIST_FILE = YES;
				INFOPLIST_FILE = FlashCards/Info.plist;
				INFOPLIST_KEY_CFBundleDisplayName = "Flash Cards";
				INFOPLIST_KEY_LSApplicationCategoryType = "public.app-category.education";
				INFOPLIST_KEY_UIApplicationSceneManifest_Generation = YES;
				INFOPLIST_KEY_UIApplicationSupportsIndirectInputEvents = YES;
				INFOPLIST_KEY_UILaunchScreen_Generation = YES;
				INFOPLIST_KEY_UISupportedInterfaceOrientations_iPad = "UIInterfaceOrientationPortrait UIInterfaceOrientationPortraitUpsideDown UIInterfaceOrientationLandscapeLeft UIInterfaceOrientationLandscapeRight";
				INFOPLIST_KEY_UISupportedInterfaceOrientations_iPhone = "UIInterfaceOrientationPortrait UIInterfaceOrientationLandscapeLeft UIInterfaceOrientationLandscapeRight";
				IPHONEOS_DEPLOYMENT_TARGET = 17.0;
				LD_RUNPATH_SEARCH_PATHS = (
					"$(inherited)",
					"@executable_path/Frameworks",
				);
				MARKETING_VERSION = 1.0;
				OTHER_LDFLAGS = "-ObjC";
				PRODUCT_BUNDLE_IDENTIFIER = com.mmf.bsu.FlashCards;
				PRODUCT_NAME = "$(TARGET_NAME)";
				SUPPORTED_PLATFORMS = "iphoneos iphonesimulator";
				SUPPORTS_MACCATALYST = NO;
				SUPPORTS_MAC_DESIGNED_FOR_IPHONE_IPAD = NO;
				SUPPORTS_XR_DESIGNED_FOR_IPHONE_IPAD = NO;
				SWIFT_EMIT_LOC_STRINGS = YES;
				SWIFT_VERSION = 5.0;
				TARGETED_DEVICE_FAMILY = 1;
			};
			name = Release;
		};
/* End XCBuildConfiguration section */

/* Begin XCConfigurationList section */
		30D685EE2D9D21E100901425 /* Build configuration list for PBXProject "FlashCards" */ = {
			isa = XCConfigurationList;
			buildConfigurations = (
				30D685FE2D9D21E400901425 /* Debug */,
				30D685FF2D9D21E400901425 /* Release */,
			);
			defaultConfigurationIsVisible = 0;
			defaultConfigurationName = Release;
		};
		30D686002D9D21E400901425 /* Build configuration list for PBXNativeTarget "FlashCards" */ = {
			isa = XCConfigurationList;
			buildConfigurations = (
				30D686012D9D21E400901425 /* Debug */,
				30D686022D9D21E400901425 /* Release */,
			);
			defaultConfigurationIsVisible = 0;
			defaultConfigurationName = Release;
		};
/* End XCConfigurationList section */

/* Begin XCRemoteSwiftPackageReference section */
		30D686352D9D33E600901425 /* XCRemoteSwiftPackageReference "firebase-ios-sdk" */ = {
			isa = XCRemoteSwiftPackageReference;
			repositoryURL = "https://github.com/firebase/firebase-ios-sdk";
			requirement = {
				kind = upToNextMajorVersion;
				minimumVersion = 11.11.0;
			};
		};
		30D686472D9D63F000901425 /* XCRemoteSwiftPackageReference "GoogleSignIn-iOS" */ = {
			isa = XCRemoteSwiftPackageReference;
			repositoryURL = "https://github.com/google/GoogleSignIn-iOS.git";
			requirement = {
				kind = upToNextMajorVersion;
				minimumVersion = 8.0.0;
			};
		};
/* End XCRemoteSwiftPackageReference section */

/* Begin XCSwiftPackageProductDependency section */
		30D686362D9D33E600901425 /* FirebaseAuth */ = {
			isa = XCSwiftPackageProductDependency;
			package = 30D686352D9D33E600901425 /* XCRemoteSwiftPackageReference "firebase-ios-sdk" */;
			productName = FirebaseAuth;
		};
		30D686382D9D33E600901425 /* FirebaseFirestore */ = {
			isa = XCSwiftPackageProductDependency;
			package = 30D686352D9D33E600901425 /* XCRemoteSwiftPackageReference "firebase-ios-sdk" */;
			productName = FirebaseFirestore;
		};
		30D6863A2D9D33E600901425 /* FirebaseStorage */ = {
			isa = XCSwiftPackageProductDependency;
			package = 30D686352D9D33E600901425 /* XCRemoteSwiftPackageReference "firebase-ios-sdk" */;
			productName = FirebaseStorage;
		};
		30D686482D9D63F000901425 /* GoogleSignIn */ = {
			isa = XCSwiftPackageProductDependency;
			package = 30D686472D9D63F000901425 /* XCRemoteSwiftPackageReference "GoogleSignIn-iOS" */;
			productName = GoogleSignIn;
		};
		30D6864A2D9D63F000901425 /* GoogleSignInSwift */ = {
			isa = XCSwiftPackageProductDependency;
			package = 30D686472D9D63F000901425 /* XCRemoteSwiftPackageReference "GoogleSignIn-iOS" */;
			productName = GoogleSignInSwift;
		};
/* End XCSwiftPackageProductDependency section */
	};
	rootObject = 30D685EB2D9D21E100901425 /* Project object */;
}
